
Microsoft Visual Studio Solution File, Format Version 12.00
# Visual Studio 14
VisualStudioVersion = 14.0.25420.1
MinimumVisualStudioVersion = 10.0.40219.1
Project("{FAE04EC0-301F-11D3-BF4B-00C04F79EFBC}") = "Biblioteca", "Biblioteca\Biblioteca.csproj", "{37535C4B-DF5A-4547-9116-2B52AAC7D4FB}"
EndProject
Project("{FAE04EC0-301F-11D3-BF4B-00C04F79EFBC}") = "Teste", "Teste\Teste.csproj", "{82E27977-2DAF-4D8E-8307-2646F20D7FE7}"
EndProject
Project("{FAE04EC0-301F-11D3-BF4B-00C04F79EFBC}") = "PetUnity", "PetUnity\PetUnity.csproj", "{74CB4578-036E-4A29-9D5E-CB55E9EE22CE}"
	ProjectSection(ProjectDependencies) = postProject
		{EDE40E63-CF23-45DB-AFDA-FC3C4BEC1DA2} = {EDE40E63-CF23-45DB-AFDA-FC3C4BEC1DA2}
	EndProjectSection
EndProject
Project("{FAE04EC0-301F-11D3-BF4B-00C04F79EFBC}") = "TesteUnitatio", "TesteUnitatio\TesteUnitatio.csproj", "{EDE40E63-CF23-45DB-AFDA-FC3C4BEC1DA2}"
EndProject
Global
	GlobalSection(SolutionConfigurationPlatforms) = preSolution
		Debug|Any CPU = Debug|Any CPU
		Release|Any CPU = Release|Any CPU
	EndGlobalSection
	GlobalSection(ProjectConfigurationPlatforms) = postSolution
		{37535C4B-DF5A-4547-9116-2B52AAC7D4FB}.Debug|Any CPU.ActiveCfg = Debug|Any CPU
		{37535C4B-DF5A-4547-9116-2B52AAC7D4FB}.Debug|Any CPU.Build.0 = Debug|Any CPU
		{37535C4B-DF5A-4547-9116-2B52AAC7D4FB}.Release|Any CPU.ActiveCfg = Release|Any CPU
		{37535C4B-DF5A-4547-9116-2B52AAC7D4FB}.Release|Any CPU.Build.0 = Release|Any CPU
		{82E27977-2DAF-4D8E-8307-2646F20D7FE7}.Debug|Any CPU.ActiveCfg = Debug|Any CPU
		{82E27977-2DAF-4D8E-8307-2646F20D7FE7}.Debug|Any CPU.Build.0 = Debug|Any CPU
		{82E27977-2DAF-4D8E-8307-2646F20D7FE7}.Release|Any CPU.ActiveCfg = Release|Any CPU
		{82E27977-2DAF-4D8E-8307-2646F20D7FE7}.Release|Any CPU.Build.0 = Release|Any CPU
		{74CB4578-036E-4A29-9D5E-CB55E9EE22CE}.Debug|Any CPU.ActiveCfg = Debug|Any CPU
		{74CB4578-036E-4A29-9D5E-CB55E9EE22CE}.Debug|Any CPU.Build.0 = Debug|Any CPU
		{74CB4578-036E-4A29-9D5E-CB55E9EE22CE}.Release|Any CPU.ActiveCfg = Release|Any CPU
		{74CB4578-036E-4A29-9D5E-CB55E9EE22CE}.Release|Any CPU.Build.0 = Release|Any CPU
		{EDE40E63-CF23-45DB-AFDA-FC3C4BEC1DA2}.Debug|Any CPU.ActiveCfg = Debug|Any CPU
		{EDE40E63-CF23-45DB-AFDA-FC3C4BEC1DA2}.Debug|Any CPU.Build.0 = Debug|Any CPU
		{EDE40E63-CF23-45DB-AFDA-FC3C4BEC1DA2}.Release|Any CPU.ActiveCfg = Release|Any CPU
		{EDE40E63-CF23-45DB-AFDA-FC3C4BEC1DA2}.Release|Any CPU.Build.0 = Release|Any CPU
	EndGlobalSection
	GlobalSection(SolutionProperties) = preSolution
		HideSolutionNode = FALSE
	EndGlobalSection
EndGlobal
